// !$*UTF8*$!
{
	archiveVersion = 1;
	classes = {
	};
	objectVersion = 46;
	objects = {

/* Begin PBXBuildFile section */
		E23738921BF15F370002D1FC /* AppDelegate.swift in Sources */ = {isa = PBXBuildFile; fileRef = E23738911BF15F370002D1FC /* AppDelegate.swift */; };
		E23738941BF15F370002D1FC /* ViewController.swift in Sources */ = {isa = PBXBuildFile; fileRef = E23738931BF15F370002D1FC /* ViewController.swift */; };
		E23738971BF15F370002D1FC /* Main.storyboard in Resources */ = {isa = PBXBuildFile; fileRef = E23738951BF15F370002D1FC /* Main.storyboard */; };
		E23738991BF15F370002D1FC /* Assets.xcassets in Resources */ = {isa = PBXBuildFile; fileRef = E23738981BF15F370002D1FC /* Assets.xcassets */; };
		E237389C1BF15F370002D1FC /* LaunchScreen.storyboard in Resources */ = {isa = PBXBuildFile; fileRef = E237389A1BF15F370002D1FC /* LaunchScreen.storyboard */; };
		E26D98981C165EF300424D2E /* SalaryInfoVC.swift in Sources */ = {isa = PBXBuildFile; fileRef = E26D98971C165EF300424D2E /* SalaryInfoVC.swift */; };
		E28554111C0FCB01002B5F6B /* SelectMeetingVC.swift in Sources */ = {isa = PBXBuildFile; fileRef = E28554101C0FCB01002B5F6B /* SelectMeetingVC.swift */; };
		E28554131C0FD5B5002B5F6B /* ArrayExtension.swift in Sources */ = {isa = PBXBuildFile; fileRef = E28554121C0FD5B5002B5F6B /* ArrayExtension.swift */; };
		E2B762511BF2A63D002D2D66 /* ContactsVC.swift in Sources */ = {isa = PBXBuildFile; fileRef = E2B762501BF2A63D002D2D66 /* ContactsVC.swift */; };
		E2B762531BF2A651002D2D66 /* ComposeVC.swift in Sources */ = {isa = PBXBuildFile; fileRef = E2B762521BF2A651002D2D66 /* ComposeVC.swift */; };
		E2B7625A1BF2C2C7002D2D66 /* ComposeTVCell.swift in Sources */ = {isa = PBXBuildFile; fileRef = E2B762581BF2C2C7002D2D66 /* ComposeTVCell.swift */; };
		E2B7625B1BF2C2C7002D2D66 /* ComposeTVCell.xib in Resources */ = {isa = PBXBuildFile; fileRef = E2B762591BF2C2C7002D2D66 /* ComposeTVCell.xib */; };
		E2C9F4741BF3B70000A4BD79 /* KDCircularProgress.swift in Sources */ = {isa = PBXBuildFile; fileRef = E2C9F4731BF3B70000A4BD79 /* KDCircularProgress.swift */; };
		E2C9F47C1BF3BF4000A4BD79 /* UIViewExtension.swift in Sources */ = {isa = PBXBuildFile; fileRef = E2C9F4751BF3BF4000A4BD79 /* UIViewExtension.swift */; };
		E2C9F47D1BF3BF4000A4BD79 /* UIImageExtension.swift in Sources */ = {isa = PBXBuildFile; fileRef = E2C9F4761BF3BF4000A4BD79 /* UIImageExtension.swift */; };
		E2C9F47E1BF3BF4000A4BD79 /* UIColorExtension.swift in Sources */ = {isa = PBXBuildFile; fileRef = E2C9F4771BF3BF4000A4BD79 /* UIColorExtension.swift */; };
		E2C9F47F1BF3BF4000A4BD79 /* UIAlertViewExtension.swift in Sources */ = {isa = PBXBuildFile; fileRef = E2C9F4781BF3BF4000A4BD79 /* UIAlertViewExtension.swift */; };
		E2C9F4801BF3BF4000A4BD79 /* NSJSONSerializationExtension.swift in Sources */ = {isa = PBXBuildFile; fileRef = E2C9F4791BF3BF4000A4BD79 /* NSJSONSerializationExtension.swift */; };
		E2C9F4811BF3BF4000A4BD79 /* NSDictionaryExtension.swift in Sources */ = {isa = PBXBuildFile; fileRef = E2C9F47A1BF3BF4000A4BD79 /* NSDictionaryExtension.swift */; };
		E2C9F4821BF3BF4000A4BD79 /* NSDateExtension.swift in Sources */ = {isa = PBXBuildFile; fileRef = E2C9F47B1BF3BF4000A4BD79 /* NSDateExtension.swift */; };
		E2C9F4881BF3E66A00A4BD79 /* CalculatorVC.swift in Sources */ = {isa = PBXBuildFile; fileRef = E2C9F4871BF3E66A00A4BD79 /* CalculatorVC.swift */; };
		E2C9F48A1BF3F98100A4BD79 /* ReportingVC.swift in Sources */ = {isa = PBXBuildFile; fileRef = E2C9F4891BF3F98100A4BD79 /* ReportingVC.swift */; };
		E2C9F48C1BF5345E00A4BD79 /* SettingsVC.swift in Sources */ = {isa = PBXBuildFile; fileRef = E2C9F48B1BF5345E00A4BD79 /* SettingsVC.swift */; };
		E2C9F48E1BF53BEE00A4BD79 /* LaunchingVC.swift in Sources */ = {isa = PBXBuildFile; fileRef = E2C9F48D1BF53BEE00A4BD79 /* LaunchingVC.swift */; };
		E2C9F4911BF57A3100A4BD79 /* WeekdayMeetingTVCell.swift in Sources */ = {isa = PBXBuildFile; fileRef = E2C9F48F1BF57A3100A4BD79 /* WeekdayMeetingTVCell.swift */; };
		E2C9F4921BF57A3100A4BD79 /* WeekdayMeetingTVCell.xib in Resources */ = {isa = PBXBuildFile; fileRef = E2C9F4901BF57A3100A4BD79 /* WeekdayMeetingTVCell.xib */; };
		E2C9F4941BF5A2CD00A4BD79 /* HomeCustomView.swift in Sources */ = {isa = PBXBuildFile; fileRef = E2C9F4931BF5A2CD00A4BD79 /* HomeCustomView.swift */; };
		E2C9F4961BF5A69700A4BD79 /* HomeCustomView.xib in Resources */ = {isa = PBXBuildFile; fileRef = E2C9F4951BF5A69700A4BD79 /* HomeCustomView.xib */; };
		E2C9F4981BF5BDDC00A4BD79 /* ReportsHeaderView.swift in Sources */ = {isa = PBXBuildFile; fileRef = E2C9F4971BF5BDDC00A4BD79 /* ReportsHeaderView.swift */; };
		E2C9F49A1BF5BDF300A4BD79 /* ReportsHeaderView.xib in Resources */ = {isa = PBXBuildFile; fileRef = E2C9F4991BF5BDF300A4BD79 /* ReportsHeaderView.xib */; };
		E2C9F49D1BF64EB800A4BD79 /* ReportingTVCell.swift in Sources */ = {isa = PBXBuildFile; fileRef = E2C9F49B1BF64EB800A4BD79 /* ReportingTVCell.swift */; };
		E2C9F49E1BF64EB800A4BD79 /* ReportingTVCell.xib in Resources */ = {isa = PBXBuildFile; fileRef = E2C9F49C1BF64EB800A4BD79 /* ReportingTVCell.xib */; };
/* End PBXBuildFile section */

/* Begin PBXFileReference section */
		E237388E1BF15F370002D1FC /* MeetMarket.app */ = {isa = PBXFileReference; explicitFileType = wrapper.application; includeInIndex = 0; path = MeetMarket.app; sourceTree = BUILT_PRODUCTS_DIR; };
		E23738911BF15F370002D1FC /* AppDelegate.swift */ = {isa = PBXFileReference; lastKnownFileType = sourcecode.swift; path = AppDelegate.swift; sourceTree = "<group>"; };
		E23738931BF15F370002D1FC /* ViewController.swift */ = {isa = PBXFileReference; lastKnownFileType = sourcecode.swift; path = ViewController.swift; sourceTree = "<group>"; };
		E23738961BF15F370002D1FC /* Base */ = {isa = PBXFileReference; lastKnownFileType = file.storyboard; name = Base; path = Base.lproj/Main.storyboard; sourceTree = "<group>"; };
		E23738981BF15F370002D1FC /* Assets.xcassets */ = {isa = PBXFileReference; lastKnownFileType = folder.assetcatalog; path = Assets.xcassets; sourceTree = "<group>"; };
		E237389B1BF15F370002D1FC /* Base */ = {isa = PBXFileReference; lastKnownFileType = file.storyboard; name = Base; path = Base.lproj/LaunchScreen.storyboard; sourceTree = "<group>"; };
		E237389D1BF15F370002D1FC /* Info.plist */ = {isa = PBXFileReference; lastKnownFileType = text.plist.xml; path = Info.plist; sourceTree = "<group>"; };
		E23738A51BF163490002D1FC /* Header.h */ = {isa = PBXFileReference; lastKnownFileType = sourcecode.c.h; path = Header.h; sourceTree = "<group>"; };
		E26D98971C165EF300424D2E /* SalaryInfoVC.swift */ = {isa = PBXFileReference; fileEncoding = 4; lastKnownFileType = sourcecode.swift; path = SalaryInfoVC.swift; sourceTree = "<group>"; };
		E28554101C0FCB01002B5F6B /* SelectMeetingVC.swift */ = {isa = PBXFileReference; fileEncoding = 4; lastKnownFileType = sourcecode.swift; path = SelectMeetingVC.swift; sourceTree = "<group>"; };
		E28554121C0FD5B5002B5F6B /* ArrayExtension.swift */ = {isa = PBXFileReference; fileEncoding = 4; lastKnownFileType = sourcecode.swift; path = ArrayExtension.swift; sourceTree = "<group>"; };
		E2B762501BF2A63D002D2D66 /* ContactsVC.swift */ = {isa = PBXFileReference; fileEncoding = 4; lastKnownFileType = sourcecode.swift; path = ContactsVC.swift; sourceTree = "<group>"; };
		E2B762521BF2A651002D2D66 /* ComposeVC.swift */ = {isa = PBXFileReference; fileEncoding = 4; lastKnownFileType = sourcecode.swift; path = ComposeVC.swift; sourceTree = "<group>"; };
		E2B762581BF2C2C7002D2D66 /* ComposeTVCell.swift */ = {isa = PBXFileReference; fileEncoding = 4; lastKnownFileType = sourcecode.swift; path = ComposeTVCell.swift; sourceTree = "<group>"; };
		E2B762591BF2C2C7002D2D66 /* ComposeTVCell.xib */ = {isa = PBXFileReference; fileEncoding = 4; lastKnownFileType = file.xib; path = ComposeTVCell.xib; sourceTree = "<group>"; };
		E2C9F4731BF3B70000A4BD79 /* KDCircularProgress.swift */ = {isa = PBXFileReference; fileEncoding = 4; lastKnownFileType = sourcecode.swift; path = KDCircularProgress.swift; sourceTree = "<group>"; };
		E2C9F4751BF3BF4000A4BD79 /* UIViewExtension.swift */ = {isa = PBXFileReference; fileEncoding = 4; lastKnownFileType = sourcecode.swift; path = UIViewExtension.swift; sourceTree = "<group>"; };
		E2C9F4761BF3BF4000A4BD79 /* UIImageExtension.swift */ = {isa = PBXFileReference; fileEncoding = 4; lastKnownFileType = sourcecode.swift; path = UIImageExtension.swift; sourceTree = "<group>"; };
		E2C9F4771BF3BF4000A4BD79 /* UIColorExtension.swift */ = {isa = PBXFileReference; fileEncoding = 4; lastKnownFileType = sourcecode.swift; path = UIColorExtension.swift; sourceTree = "<group>"; };
		E2C9F4781BF3BF4000A4BD79 /* UIAlertViewExtension.swift */ = {isa = PBXFileReference; fileEncoding = 4; lastKnownFileType = sourcecode.swift; path = UIAlertViewExtension.swift; sourceTree = "<group>"; };
		E2C9F4791BF3BF4000A4BD79 /* NSJSONSerializationExtension.swift */ = {isa = PBXFileReference; fileEncoding = 4; lastKnownFileType = sourcecode.swift; path = NSJSONSerializationExtension.swift; sourceTree = "<group>"; };
		E2C9F47A1BF3BF4000A4BD79 /* NSDictionaryExtension.swift */ = {isa = PBXFileReference; fileEncoding = 4; lastKnownFileType = sourcecode.swift; path = NSDictionaryExtension.swift; sourceTree = "<group>"; };
		E2C9F47B1BF3BF4000A4BD79 /* NSDateExtension.swift */ = {isa = PBXFileReference; fileEncoding = 4; lastKnownFileType = sourcecode.swift; path = NSDateExtension.swift; sourceTree = "<group>"; };
		E2C9F4871BF3E66A00A4BD79 /* CalculatorVC.swift */ = {isa = PBXFileReference; fileEncoding = 4; lastKnownFileType = sourcecode.swift; path = CalculatorVC.swift; sourceTree = "<group>"; };
		E2C9F4891BF3F98100A4BD79 /* ReportingVC.swift */ = {isa = PBXFileReference; fileEncoding = 4; lastKnownFileType = sourcecode.swift; path = ReportingVC.swift; sourceTree = "<group>"; };
		E2C9F48B1BF5345E00A4BD79 /* SettingsVC.swift */ = {isa = PBXFileReference; fileEncoding = 4; lastKnownFileType = sourcecode.swift; path = SettingsVC.swift; sourceTree = "<group>"; };
		E2C9F48D1BF53BEE00A4BD79 /* LaunchingVC.swift */ = {isa = PBXFileReference; fileEncoding = 4; lastKnownFileType = sourcecode.swift; path = LaunchingVC.swift; sourceTree = "<group>"; };
		E2C9F48F1BF57A3100A4BD79 /* WeekdayMeetingTVCell.swift */ = {isa = PBXFileReference; fileEncoding = 4; lastKnownFileType = sourcecode.swift; path = WeekdayMeetingTVCell.swift; sourceTree = "<group>"; };
		E2C9F4901BF57A3100A4BD79 /* WeekdayMeetingTVCell.xib */ = {isa = PBXFileReference; fileEncoding = 4; lastKnownFileType = file.xib; path = WeekdayMeetingTVCell.xib; sourceTree = "<group>"; };
		E2C9F4931BF5A2CD00A4BD79 /* HomeCustomView.swift */ = {isa = PBXFileReference; fileEncoding = 4; lastKnownFileType = sourcecode.swift; path = HomeCustomView.swift; sourceTree = "<group>"; };
		E2C9F4951BF5A69700A4BD79 /* HomeCustomView.xib */ = {isa = PBXFileReference; fileEncoding = 4; lastKnownFileType = file.xib; path = HomeCustomView.xib; sourceTree = "<group>"; };
		E2C9F4971BF5BDDC00A4BD79 /* ReportsHeaderView.swift */ = {isa = PBXFileReference; fileEncoding = 4; lastKnownFileType = sourcecode.swift; path = ReportsHeaderView.swift; sourceTree = "<group>"; };
		E2C9F4991BF5BDF300A4BD79 /* ReportsHeaderView.xib */ = {isa = PBXFileReference; fileEncoding = 4; lastKnownFileType = file.xib; path = ReportsHeaderView.xib; sourceTree = "<group>"; };
		E2C9F49B1BF64EB800A4BD79 /* ReportingTVCell.swift */ = {isa = PBXFileReference; fileEncoding = 4; lastKnownFileType = sourcecode.swift; path = ReportingTVCell.swift; sourceTree = "<group>"; };
		E2C9F49C1BF64EB800A4BD79 /* ReportingTVCell.xib */ = {isa = PBXFileReference; fileEncoding = 4; lastKnownFileType = file.xib; path = ReportingTVCell.xib; sourceTree = "<group>"; };
/* End PBXFileReference section */

/* Begin PBXFrameworksBuildPhase section */
		E237388B1BF15F370002D1FC /* Frameworks */ = {
			isa = PBXFrameworksBuildPhase;
			buildActionMask = 2147483647;
			files = (
			);
			runOnlyForDeploymentPostprocessing = 0;
		};
/* End PBXFrameworksBuildPhase section */

/* Begin PBXGroup section */
		E23738851BF15F370002D1FC = {
			isa = PBXGroup;
			children = (
				E23738901BF15F370002D1FC /* MeetMarket */,
				E237388F1BF15F370002D1FC /* Products */,
			);
			sourceTree = "<group>";
		};
		E237388F1BF15F370002D1FC /* Products */ = {
			isa = PBXGroup;
			children = (
				E237388E1BF15F370002D1FC /* MeetMarket.app */,
			);
			name = Products;
			sourceTree = "<group>";
		};
		E23738901BF15F370002D1FC /* MeetMarket */ = {
			isa = PBXGroup;
			children = (
				E2C9F4861BF3E64300A4BD79 /* CircularLoading */,
				E2C9F4831BF3BF4C00A4BD79 /* Extensions */,
				E23738911BF15F370002D1FC /* AppDelegate.swift */,
				E2B762501BF2A63D002D2D66 /* ContactsVC.swift */,
				E2B762521BF2A651002D2D66 /* ComposeVC.swift */,
				E2C9F4871BF3E66A00A4BD79 /* CalculatorVC.swift */,
				E26D98971C165EF300424D2E /* SalaryInfoVC.swift */,
				E23738931BF15F370002D1FC /* ViewController.swift */,
				E28554101C0FCB01002B5F6B /* SelectMeetingVC.swift */,
				E2C9F4891BF3F98100A4BD79 /* ReportingVC.swift */,
				E2C9F48B1BF5345E00A4BD79 /* SettingsVC.swift */,
				E23738951BF15F370002D1FC /* Main.storyboard */,
				E23738981BF15F370002D1FC /* Assets.xcassets */,
				E237389A1BF15F370002D1FC /* LaunchScreen.storyboard */,
				E237389D1BF15F370002D1FC /* Info.plist */,
				E23738A51BF163490002D1FC /* Header.h */,
				E2B762581BF2C2C7002D2D66 /* ComposeTVCell.swift */,
				E2B762591BF2C2C7002D2D66 /* ComposeTVCell.xib */,
				E2C9F48D1BF53BEE00A4BD79 /* LaunchingVC.swift */,
				E2C9F48F1BF57A3100A4BD79 /* WeekdayMeetingTVCell.swift */,
				E2C9F4901BF57A3100A4BD79 /* WeekdayMeetingTVCell.xib */,
				E2C9F4931BF5A2CD00A4BD79 /* HomeCustomView.swift */,
				E2C9F4951BF5A69700A4BD79 /* HomeCustomView.xib */,
				E2C9F4971BF5BDDC00A4BD79 /* ReportsHeaderView.swift */,
				E2C9F4991BF5BDF300A4BD79 /* ReportsHeaderView.xib */,
				E2C9F49B1BF64EB800A4BD79 /* ReportingTVCell.swift */,
				E2C9F49C1BF64EB800A4BD79 /* ReportingTVCell.xib */,
			);
			path = MeetMarket;
			sourceTree = "<group>";
		};
		E2C9F4831BF3BF4C00A4BD79 /* Extensions */ = {
			isa = PBXGroup;
			children = (
				E28554121C0FD5B5002B5F6B /* ArrayExtension.swift */,
				E2C9F4751BF3BF4000A4BD79 /* UIViewExtension.swift */,
				E2C9F4761BF3BF4000A4BD79 /* UIImageExtension.swift */,
				E2C9F4771BF3BF4000A4BD79 /* UIColorExtension.swift */,
				E2C9F4781BF3BF4000A4BD79 /* UIAlertViewExtension.swift */,
				E2C9F4791BF3BF4000A4BD79 /* NSJSONSerializationExtension.swift */,
				E2C9F47A1BF3BF4000A4BD79 /* NSDictionaryExtension.swift */,
				E2C9F47B1BF3BF4000A4BD79 /* NSDateExtension.swift */,
			);
			name = Extensions;
			sourceTree = "<group>";
		};
		E2C9F4861BF3E64300A4BD79 /* CircularLoading */ = {
			isa = PBXGroup;
			children = (
				E2C9F4731BF3B70000A4BD79 /* KDCircularProgress.swift */,
			);
			name = CircularLoading;
			sourceTree = "<group>";
		};
/* End PBXGroup section */

/* Begin PBXNativeTarget section */
		E237388D1BF15F370002D1FC /* MeetMarket */ = {
			isa = PBXNativeTarget;
			buildConfigurationList = E23738A01BF15F370002D1FC /* Build configuration list for PBXNativeTarget "MeetMarket" */;
			buildPhases = (
				E237388A1BF15F370002D1FC /* Sources */,
				E237388B1BF15F370002D1FC /* Frameworks */,
				E237388C1BF15F370002D1FC /* Resources */,
			);
			buildRules = (
			);
			dependencies = (
			);
			name = MeetMarket;
			productName = MeetMarket;
			productReference = E237388E1BF15F370002D1FC /* MeetMarket.app */;
			productType = "com.apple.product-type.application";
		};
/* End PBXNativeTarget section */

/* Begin PBXProject section */
		E23738861BF15F370002D1FC /* Project object */ = {
			isa = PBXProject;
			attributes = {
				LastSwiftUpdateCheck = 0710;
				LastUpgradeCheck = 0710;
				ORGANIZATIONNAME = "Vemula, Manoj";
				TargetAttributes = {
					E237388D1BF15F370002D1FC = {
						CreatedOnToolsVersion = 7.1;
						DevelopmentTeam = 3TNYZT7AEU;
					};
				};
			};
			buildConfigurationList = E23738891BF15F370002D1FC /* Build configuration list for PBXProject "MeetMarket" */;
			compatibilityVersion = "Xcode 3.2";
			developmentRegion = English;
			hasScannedForEncodings = 0;
			knownRegions = (
				en,
				Base,
			);
			mainGroup = E23738851BF15F370002D1FC;
			productRefGroup = E237388F1BF15F370002D1FC /* Products */;
			projectDirPath = "";
			projectRoot = "";
			targets = (
				E237388D1BF15F370002D1FC /* MeetMarket */,
			);
		};
/* End PBXProject section */

/* Begin PBXResourcesBuildPhase section */
		E237388C1BF15F370002D1FC /* Resources */ = {
			isa = PBXResourcesBuildPhase;
			buildActionMask = 2147483647;
			files = (
				E2C9F49E1BF64EB800A4BD79 /* ReportingTVCell.xib in Resources */,
				E2C9F4961BF5A69700A4BD79 /* HomeCustomView.xib in Resources */,
				E2C9F4921BF57A3100A4BD79 /* WeekdayMeetingTVCell.xib in Resources */,
				E237389C1BF15F370002D1FC /* LaunchScreen.storyboard in Resources */,
				E2B7625B1BF2C2C7002D2D66 /* ComposeTVCell.xib in Resources */,
				E23738991BF15F370002D1FC /* Assets.xcassets in Resources */,
				E23738971BF15F370002D1FC /* Main.storyboard in Resources */,
				E2C9F49A1BF5BDF300A4BD79 /* ReportsHeaderView.xib in Resources */,
			);
			runOnlyForDeploymentPostprocessing = 0;
		};
/* End PBXResourcesBuildPhase section */

/* Begin PBXSourcesBuildPhase section */
		E237388A1BF15F370002D1FC /* Sources */ = {
			isa = PBXSourcesBuildPhase;
			buildActionMask = 2147483647;
			files = (
				E28554111C0FCB01002B5F6B /* SelectMeetingVC.swift in Sources */,
				E23738941BF15F370002D1FC /* ViewController.swift in Sources */,
				E2C9F47F1BF3BF4000A4BD79 /* UIAlertViewExtension.swift in Sources */,
				E2C9F4821BF3BF4000A4BD79 /* NSDateExtension.swift in Sources */,
				E2B762531BF2A651002D2D66 /* ComposeVC.swift in Sources */,
				E2C9F4881BF3E66A00A4BD79 /* CalculatorVC.swift in Sources */,
				E2C9F48C1BF5345E00A4BD79 /* SettingsVC.swift in Sources */,
				E23738921BF15F370002D1FC /* AppDelegate.swift in Sources */,
				E2B7625A1BF2C2C7002D2D66 /* ComposeTVCell.swift in Sources */,
				E2C9F47D1BF3BF4000A4BD79 /* UIImageExtension.swift in Sources */,
				E28554131C0FD5B5002B5F6B /* ArrayExtension.swift in Sources */,
				E2C9F4801BF3BF4000A4BD79 /* NSJSONSerializationExtension.swift in Sources */,
				E2B762511BF2A63D002D2D66 /* ContactsVC.swift in Sources */,
				E2C9F47E1BF3BF4000A4BD79 /* UIColorExtension.swift in Sources */,
				E2C9F47C1BF3BF4000A4BD79 /* UIViewExtension.swift in Sources */,
				E2C9F48E1BF53BEE00A4BD79 /* LaunchingVC.swift in Sources */,
				E2C9F49D1BF64EB800A4BD79 /* ReportingTVCell.swift in Sources */,
				E2C9F4911BF57A3100A4BD79 /* WeekdayMeetingTVCell.swift in Sources */,
				E2C9F4811BF3BF4000A4BD79 /* NSDictionaryExtension.swift in Sources */,
				E2C9F48A1BF3F98100A4BD79 /* ReportingVC.swift in Sources */,
				E2C9F4981BF5BDDC00A4BD79 /* ReportsHeaderView.swift in Sources */,
				E2C9F4941BF5A2CD00A4BD79 /* HomeCustomView.swift in Sources */,
				E26D98981C165EF300424D2E /* SalaryInfoVC.swift in Sources */,
				E2C9F4741BF3B70000A4BD79 /* KDCircularProgress.swift in Sources */,
			);
			runOnlyForDeploymentPostprocessing = 0;
		};
/* End PBXSourcesBuildPhase section */

/* Begin PBXVariantGroup section */
		E23738951BF15F370002D1FC /* Main.storyboard */ = {
			isa = PBXVariantGroup;
			children = (
				E23738961BF15F370002D1FC /* Base */,
			);
			name = Main.storyboard;
			sourceTree = "<group>";
		};
		E237389A1BF15F370002D1FC /* LaunchScreen.storyboard */ = {
			isa = PBXVariantGroup;
			children = (
				E237389B1BF15F370002D1FC /* Base */,
			);
			name = LaunchScreen.storyboard;
			sourceTree = "<group>";
		};
/* End PBXVariantGroup section */

/* Begin XCBuildConfiguration section */
		E237389E1BF15F370002D1FC /* Debug */ = {
			isa = XCBuildConfiguration;
			buildSettings = {
				ALWAYS_SEARCH_USER_PATHS = NO;
				CLANG_CXX_LANGUAGE_STANDARD = "gnu++0x";
				CLANG_CXX_LIBRARY = "libc++";
				CLANG_ENABLE_MODULES = YES;
				CLANG_ENABLE_OBJC_ARC = YES;
				CLANG_WARN_BOOL_CONVERSION = YES;
				CLANG_WARN_CONSTANT_CONVERSION = YES;
				CLANG_WARN_DIRECT_OBJC_ISA_USAGE = YES_ERROR;
				CLANG_WARN_EMPTY_BODY = YES;
				CLANG_WARN_ENUM_CONVERSION = YES;
				CLANG_WARN_INT_CONVERSION = YES;
				CLANG_WARN_OBJC_ROOT_CLASS = YES_ERROR;
				CLANG_WARN_UNREACHABLE_CODE = YES;
				CLANG_WARN__DUPLICATE_METHOD_MATCH = YES;
				"CODE_SIGN_IDENTITY[sdk=iphoneos*]" = "iPhone Developer";
				COPY_PHASE_STRIP = NO;
				DEBUG_INFORMATION_FORMAT = dwarf;
				ENABLE_STRICT_OBJC_MSGSEND = YES;
				ENABLE_TESTABILITY = YES;
				GCC_C_LANGUAGE_STANDARD = gnu99;
				GCC_DYNAMIC_NO_PIC = NO;
				GCC_NO_COMMON_BLOCKS = YES;
				GCC_OPTIMIZATION_LEVEL = 0;
				GCC_PREPROCESSOR_DEFINITIONS = (
					"DEBUG=1",
					"$(inherited)",
				);
				GCC_WARN_64_TO_32_BIT_CONVERSION = YES;
				GCC_WARN_ABOUT_RETURN_TYPE = YES_ERROR;
				GCC_WARN_UNDECLARED_SELECTOR = YES;
				GCC_WARN_UNINITIALIZED_AUTOS = YES_AGGRESSIVE;
				GCC_WARN_UNUSED_FUNCTION = YES;
				GCC_WARN_UNUSED_VARIABLE = YES;
				IPHONEOS_DEPLOYMENT_TARGET = 8.2;
				MTL_ENABLE_DEBUG_INFO = YES;
				ONLY_ACTIVE_ARCH = YES;
				PROVISIONING_PROFILE = "54afe777-8556-40e4-8c2b-d09a79c2375b";
				SDKROOT = iphoneos;
				SWIFT_OPTIMIZATION_LEVEL = "-Onone";
				TARGETED_DEVICE_FAMILY = "1,2";
			};
			name = Debug;
		};
		E237389F1BF15F370002D1FC /* Release */ = {
			isa = XCBuildConfiguration;
			buildSettings = {
				ALWAYS_SEARCH_USER_PATHS = NO;
				CLANG_CXX_LANGUAGE_STANDARD = "gnu++0x";
				CLANG_CXX_LIBRARY = "libc++";
				CLANG_ENABLE_MODULES = YES;
				CLANG_ENABLE_OBJC_ARC = YES;
				CLANG_WARN_BOOL_CONVERSION = YES;
				CLANG_WARN_CONSTANT_CONVERSION = YES;
				CLANG_WARN_DIRECT_OBJC_ISA_USAGE = YES_ERROR;
				CLANG_WARN_EMPTY_BODY = YES;
				CLANG_WARN_ENUM_CONVERSION = YES;
				CLANG_WARN_INT_CONVERSION = YES;
				CLANG_WARN_OBJC_ROOT_CLASS = YES_ERROR;
				CLANG_WARN_UNREACHABLE_CODE = YES;
				CLANG_WARN__DUPLICATE_METHOD_MATCH = YES;
				"CODE_SIGN_IDENTITY[sdk=iphoneos*]" = "iPhone Developer";
				COPY_PHASE_STRIP = NO;
				DEBUG_INFORMATION_FORMAT = "dwarf-with-dsym";
				ENABLE_NS_ASSERTIONS = NO;
				ENABLE_STRICT_OBJC_MSGSEND = YES;
				GCC_C_LANGUAGE_STANDARD = gnu99;
				GCC_NO_COMMON_BLOCKS = YES;
				GCC_WARN_64_TO_32_BIT_CONVERSION = YES;
				GCC_WARN_ABOUT_RETURN_TYPE = YES_ERROR;
				GCC_WARN_UNDECLARED_SELECTOR = YES;
				GCC_WARN_UNINITIALIZED_AUTOS = YES_AGGRESSIVE;
				GCC_WARN_UNUSED_FUNCTION = YES;
				GCC_WARN_UNUSED_VARIABLE = YES;
				IPHONEOS_DEPLOYMENT_TARGET = 8.2;
				MTL_ENABLE_DEBUG_INFO = NO;
				PROVISIONING_PROFILE = "54afe777-8556-40e4-8c2b-d09a79c2375b";
				SDKROOT = iphoneos;
				TARGETED_DEVICE_FAMILY = "1,2";
				VALIDATE_PRODUCT = YES;
			};
			name = Release;
		};
		E23738A11BF15F370002D1FC /* Debug */ = {
			isa = XCBuildConfiguration;
			buildSettings = {
				ASSETCATALOG_COMPILER_APPICON_NAME = AppIcon;
				CODE_SIGN_IDENTITY = "iPhone Developer";
				"CODE_SIGN_IDENTITY[sdk=iphoneos*]" = "iPhone Developer";
				INFOPLIST_FILE = MeetMarket/Info.plist;
				LD_RUNPATH_SEARCH_PATHS = "$(inherited) @executable_path/Frameworks";
				PRODUCT_BUNDLE_IDENTIFIER = com.meetmarket.FullMeetMarket;
				PRODUCT_NAME = "$(TARGET_NAME)";
				PROVISIONING_PROFILE = "";
				SDKROOT = iphoneos9.1;
				SWIFT_OBJC_BRIDGING_HEADER = MeetMarket/Header.h;
				TARGETED_DEVICE_FAMILY = 1;
			};
			name = Debug;
		};
		E23738A21BF15F370002D1FC /* Release */ = {
			isa = XCBuildConfiguration;
			buildSettings = {
				ASSETCATALOG_COMPILER_APPICON_NAME = AppIcon;
				CODE_SIGN_IDENTITY = "iPhone Developer";
				"CODE_SIGN_IDENTITY[sdk=iphoneos*]" = "iPhone Developer";
				INFOPLIST_FILE = MeetMarket/Info.plist;
				LD_RUNPATH_SEARCH_PATHS = "$(inherited) @executable_path/Frameworks";
				PRODUCT_BUNDLE_IDENTIFIER = com.meetmarket.FullMeetMarket;
				PRODUCT_NAME = "$(TARGET_NAME)";
				PROVISIONING_PROFILE = "";
				SDKROOT = iphoneos9.1;
				SWIFT_OBJC_BRIDGING_HEADER = MeetMarket/Header.h;
				TARGETED_DEVICE_FAMILY = 1;
			};
			name = Release;
		};
/* End XCBuildConfiguration section */

/* Begin XCConfigurationList section */
		E23738891BF15F370002D1FC /* Build configuration list for PBXProject "MeetMarket" */ = {
			isa = XCConfigurationList;
			buildConfigurations = (
				E237389E1BF15F370002D1FC /* Debug */,
				E237389F1BF15F370002D1FC /* Release */,
			);
			defaultConfigurationIsVisible = 0;
			defaultConfigurationName = Release;
		};
		E23738A01BF15F370002D1FC /* Build configuration list for PBXNativeTarget "MeetMarket" */ = {
			isa = XCConfigurationList;
			buildConfigurations = (
				E23738A11BF15F370002D1FC /* Debug */,
				E23738A21BF15F370002D1FC /* Release */,
			);
			defaultConfigurationIsVisible = 0;
			defaultConfigurationName = Release;
		};
/* End XCConfigurationList section */
	};
	rootObject = E23738861BF15F370002D1FC /* Project object */;
}
